
Microsoft Visual Studio Solution File, Format Version 12.00
# Visual Studio Version 17
VisualStudioVersion = 17.14.36414.22 d17.14
MinimumVisualStudioVersion = 10.0.40219.1
Project("{FAE04EC0-301F-11D3-BF4B-00C04F79EFBC}") = "DEMO_A", "DEMO_A.csproj", "{20FFD0B9-D60C-4A1C-A058-3547EA9ABD4C}"
EndProject
Global
	GlobalSection(SolutionConfigurationPlatforms) = preSolution
		Debug|Any CPU = Debug|Any CPU
		Release|Any CPU = Release|Any CPU
	EndGlobalSection
	GlobalSection(ProjectConfigurationPlatforms) = postSolution
		{20FFD0B9-D60C-4A1C-A058-3547EA9ABD4C}.Debug|Any CPU.ActiveCfg = Debug|Any CPU
		{20FFD0B9-D60C-4A1C-A058-3547EA9ABD4C}.Debug|Any CPU.Build.0 = Debug|Any CPU
		{20FFD0B9-D60C-4A1C-A058-3547EA9ABD4C}.Release|Any CPU.ActiveCfg = Release|Any CPU
		{20FFD0B9-D60C-4A1C-A058-3547EA9ABD4C}.Release|Any CPU.Build.0 = Release|Any CPU
	EndGlobalSection
	GlobalSection(SolutionProperties) = preSolution
		HideSolutionNode = FALSE
	EndGlobalSection
	GlobalSection(ExtensibilityGlobals) = postSolution
		SolutionGuid = {7E7A66C9-AA7E-4B15-B948-A3041158E14E}
	EndGlobalSection
EndGlobal
